
Microsoft Visual Studio Solution File, Format Version 10.00
# Visual Studio 2008
Project("{FAE04EC0-301F-11D3-BF4B-00C04F79EFBC}") = "WixDependencyExtension", "DependencyExtension\wixext\DependencyExtension.csproj", "{A0B6D3F1-AE5E-423B-BA92-60C9926CA498}"
	ProjectSection(ProjectDependencies) = postProject
		{58ED0EC8-73F8-4EE1-8664-A53486D38EC8} = {58ED0EC8-73F8-4EE1-8664-A53486D38EC8}
	EndProjectSection
EndProject
Project("{930C7802-8A8C-48F9-8165-68863BCCD9DD}") = "DependencyExtension", "DependencyExtension\wixlib\DependencyExtension.wixproj", "{58ED0EC8-73F8-4EE1-8664-A53486D38EC8}"
EndProject
Project("{FAE04EC0-301F-11D3-BF4B-00C04F79EFBC}") = "WixDifxAppExtension", "DifxAppExtension\wixext\WixDifxAppExtension.csproj", "{2256EFD7-E678-4485-818D-986D590068BE}"
EndProject
Project("{FAE04EC0-301F-11D3-BF4B-00C04F79EFBC}") = "WixIIsExtension", "IIsExtension\wixext\WixIIsExtension.csproj", "{CC3521F5-D0A8-4CBA-99E2-092FCD04125D}"
	ProjectSection(ProjectDependencies) = postProject
		{AA3C1930-8C3E-4568-BEB1-03238FE771CD} = {AA3C1930-8C3E-4568-BEB1-03238FE771CD}
	EndProjectSection
EndProject
Project("{930C7802-8A8C-48F9-8165-68863BCCD9DD}") = "IIsExtension", "IIsExtension\wixlib\IIsExtension.wixproj", "{AA3C1930-8C3E-4568-BEB1-03238FE771CD}"
EndProject
Project("{FAE04EC0-301F-11D3-BF4B-00C04F79EFBC}") = "WixNetFxExtension", "NetFxExtension\wixext\WixNetFxExtension.csproj", "{EA867716-8FF0-4008-B197-9F326420ABE4}"
	ProjectSection(ProjectDependencies) = postProject
		{45E4A6AC-3190-4E17-83F0-9935FFA5DC2B} = {45E4A6AC-3190-4E17-83F0-9935FFA5DC2B}
	EndProjectSection
EndProject
Project("{930C7802-8A8C-48F9-8165-68863BCCD9DD}") = "NetFxExtension", "NetFxExtension\wixlib\NetFxExtension.wixproj", "{45E4A6AC-3190-4E17-83F0-9935FFA5DC2B}"
EndProject
Project("{FAE04EC0-301F-11D3-BF4B-00C04F79EFBC}") = "PreProcExampleExtension", "PreProcExampleExtension\wixext\PreProcExampleExtension.csproj", "{A9C6D100-CE5C-4246-8837-7582FB7D6578}"
EndProject
Project("{FAE04EC0-301F-11D3-BF4B-00C04F79EFBC}") = "WixPSExtension", "PSExtension\wixext\WixPSExtension.csproj", "{6F1482DF-1598-4D88-BDAA-B9D0E0242139}"
	ProjectSection(ProjectDependencies) = postProject
		{9D4CCDFC-840C-4D4E-A9B0-3D6015480645} = {9D4CCDFC-840C-4D4E-A9B0-3D6015480645}
	EndProjectSection
EndProject
Project("{930C7802-8A8C-48F9-8165-68863BCCD9DD}") = "PSExtension", "PSExtension\wixlib\PSExtension.wixproj", "{9D4CCDFC-840C-4D4E-A9B0-3D6015480645}"
EndProject
Project("{FAE04EC0-301F-11D3-BF4B-00C04F79EFBC}") = "WixSqlExtension", "SqlExtension\wixext\WixSqlExtension.csproj", "{E917D8E0-4883-4AA6-AE1F-57839165E188}"
	ProjectSection(ProjectDependencies) = postProject
		{0749DFEB-4621-4105-A2EF-2AB59002564D} = {0749DFEB-4621-4105-A2EF-2AB59002564D}
	EndProjectSection
EndProject
Project("{930C7802-8A8C-48F9-8165-68863BCCD9DD}") = "SqlExtension", "SqlExtension\wixlib\SqlExtension.wixproj", "{0749DFEB-4621-4105-A2EF-2AB59002564D}"
EndProject
Project("{FAE04EC0-301F-11D3-BF4B-00C04F79EFBC}") = "WixUIExtension", "UIExtension\wixext\WixUIExtension.csproj", "{33F6ABF5-FA13-4B73-99FA-F9BBA894DD9A}"
	ProjectSection(ProjectDependencies) = postProject
		{2D4FF07B-26F8-4BEF-B41C-E4383F86DC32} = {2D4FF07B-26F8-4BEF-B41C-E4383F86DC32}
	EndProjectSection
EndProject
Project("{930C7802-8A8C-48F9-8165-68863BCCD9DD}") = "UIExtension", "UIExtension\wixlib\UIExtension.wixproj", "{2D4FF07B-26F8-4BEF-B41C-E4383F86DC32}"
EndProject
Project("{FAE04EC0-301F-11D3-BF4B-00C04F79EFBC}") = "WixUtilExtension", "UtilExtension\wixext\WixUtilExtension.csproj", "{3E74F4F0-7DC9-4837-9443-D5BE061C892C}"
	ProjectSection(ProjectDependencies) = postProject
		{1ACFFEFD-505A-41A5-ACBF-A02B7B473AA2} = {1ACFFEFD-505A-41A5-ACBF-A02B7B473AA2}
	EndProjectSection
EndProject
Project("{930C7802-8A8C-48F9-8165-68863BCCD9DD}") = "UtilExtension", "UtilExtension\wixlib\UtilExtension.wixproj", "{1ACFFEFD-505A-41A5-ACBF-A02B7B473AA2}"
EndProject
Project("{FAE04EC0-301F-11D3-BF4B-00C04F79EFBC}") = "ValidatorExampleExtension", "ValidatorExampleExtension\wixext\ValidatorExampleExtension.csproj", "{90DB54A5-279B-4A55-A5C3-4B20EC74A85B}"
EndProject
Project("{FAE04EC0-301F-11D3-BF4B-00C04F79EFBC}") = "WixVSExtension", "VSExtension\wixext\WixVSExtension.csproj", "{B0FD938D-C569-457D-AFF0-25EE5E99386E}"
	ProjectSection(ProjectDependencies) = postProject
		{14345C9D-8AF8-435A-BB1B-E067CE7EB321} = {14345C9D-8AF8-435A-BB1B-E067CE7EB321}
	EndProjectSection
EndProject
Project("{930C7802-8A8C-48F9-8165-68863BCCD9DD}") = "VSExtension", "VSExtension\wixlib\VSExtension.wixproj", "{14345C9D-8AF8-435A-BB1B-E067CE7EB321}"
EndProject
Project("{FAE04EC0-301F-11D3-BF4B-00C04F79EFBC}") = "Wix", "..\wix\Wix.csproj", "{9E03A94C-C70E-45C6-A269-E737BBD8B319}"
EndProject
Project("{FAE04EC0-301F-11D3-BF4B-00C04F79EFBC}") = "heat", "..\heat\heat.csproj", "{97B3B5DF-70D2-4658-9259-1DB34976F89F}"
EndProject
Project("{FAE04EC0-301F-11D3-BF4B-00C04F79EFBC}") = "Wui", "..\Wui\Wui.csproj", "{43175B3B-5440-4556-8BAD-2C322153D96F}"
EndProject
Project("{FAE04EC0-301F-11D3-BF4B-00C04F79EFBC}") = "wconsole", "..\wconsole\wconsole.csproj", "{4B2BD779-59F7-4BF1-871C-A75952BCA749}"
EndProject
Project("{FAE04EC0-301F-11D3-BF4B-00C04F79EFBC}") = "WixTasks", "..\WixTasks\WixTasks.csproj", "{21E8F2D3-EF19-49C8-88CA-A22C5B91DFDC}"
EndProject
Project("{FAE04EC0-301F-11D3-BF4B-00C04F79EFBC}") = "WixDirectXExtension", "DirectXExtension\wixext\WixDirectXExtension.csproj", "{6182DBCA-146A-4F37-8406-3139BBE04636}"
	ProjectSection(ProjectDependencies) = postProject
		{4D8DDEC7-AAAC-4A32-87D0-5992FE382ED9} = {4D8DDEC7-AAAC-4A32-87D0-5992FE382ED9}
	EndProjectSection
EndProject
Project("{930C7802-8A8C-48F9-8165-68863BCCD9DD}") = "DirectXExtension", "DirectXExtension\wixlib\DirectXExtension.wixproj", "{4D8DDEC7-AAAC-4A32-87D0-5992FE382ED9}"
EndProject
Project("{FAE04EC0-301F-11D3-BF4B-00C04F79EFBC}") = "WixFirewallExtension", "FirewallExtension\wixext\WixFirewallExtension.csproj", "{1C943AF9-7373-4BCB-8874-A13DAF6DA585}"
	ProjectSection(ProjectDependencies) = postProject
		{1322CEF9-7D80-4F7D-8D1D-ABF46977D631} = {1322CEF9-7D80-4F7D-8D1D-ABF46977D631}
	EndProjectSection
EndProject
Project("{930C7802-8A8C-48F9-8165-68863BCCD9DD}") = "FirewallExtension", "FirewallExtension\wixlib\FirewallExtension.wixproj", "{1322CEF9-7D80-4F7D-8D1D-ABF46977D631}"
EndProject
Project("{FAE04EC0-301F-11D3-BF4B-00C04F79EFBC}") = "WixGamingExtension", "GamingExtension\wixext\WixGamingExtension.csproj", "{696EB455-0EF3-47C0-8A02-86FF5D8CC791}"
	ProjectSection(ProjectDependencies) = postProject
		{710FB568-EA63-48FF-BDC1-CE89EEF91C2E} = {710FB568-EA63-48FF-BDC1-CE89EEF91C2E}
	EndProjectSection
EndProject
Project("{930C7802-8A8C-48F9-8165-68863BCCD9DD}") = "GamingExtension", "GamingExtension\wixlib\GamingExtension.wixproj", "{710FB568-EA63-48FF-BDC1-CE89EEF91C2E}"
EndProject
Project("{FAE04EC0-301F-11D3-BF4B-00C04F79EFBC}") = "WixComPlusExtension", "ComPlusExtension\wixext\WixComPlusExtension.csproj", "{1497B777-330B-4CFE-927A-22850CD24D64}"
	ProjectSection(ProjectDependencies) = postProject
		{E191E61E-E098-4F71-888F-51A79F952022} = {E191E61E-E098-4F71-888F-51A79F952022}
	EndProjectSection
EndProject
Project("{930C7802-8A8C-48F9-8165-68863BCCD9DD}") = "ComPlusExtension", "ComPlusExtension\wixlib\ComPlusExtension.wixproj", "{E191E61E-E098-4F71-888F-51A79F952022}"
EndProject
Project("{FAE04EC0-301F-11D3-BF4B-00C04F79EFBC}") = "WixMsmqExtension", "MsmqExtension\wixext\WixMsmqExtension.csproj", "{B990D81B-9F60-4EEE-B31D-B5D1EAA799EE}"
	ProjectSection(ProjectDependencies) = postProject
		{42493058-5FC8-4F85-9884-FF3190E084B6} = {42493058-5FC8-4F85-9884-FF3190E084B6}
	EndProjectSection
EndProject
Project("{930C7802-8A8C-48F9-8165-68863BCCD9DD}") = "MsmqExtension", "MsmqExtension\wixlib\MsmqExtension.wixproj", "{42493058-5FC8-4F85-9884-FF3190E084B6}"
EndProject
Project("{FAE04EC0-301F-11D3-BF4B-00C04F79EFBC}") = "WixBalExtension", "BalExtension\wixext\WixBalExtension.csproj", "{BF720A63-9D7B-456E-B60C-8122852D9FED}"
	ProjectSection(ProjectDependencies) = postProject
		{A6B343C8-2268-422C-A97C-4FDE692414E9} = {A6B343C8-2268-422C-A97C-4FDE692414E9}
	EndProjectSection
EndProject
Project("{930C7802-8A8C-48F9-8165-68863BCCD9DD}") = "BalExtension", "BalExtension\wixlib\BalExtension.wixproj", "{A6B343C8-2268-422C-A97C-4FDE692414E9}"
EndProject
Global
	GlobalSection(SolutionConfigurationPlatforms) = preSolution
		Debug|Any CPU = Debug|Any CPU
		Debug|ia64 = Debug|ia64
		Debug|x64 = Debug|x64
		Debug|x86 = Debug|x86
		Release|Any CPU = Release|Any CPU
		Release|ia64 = Release|ia64
		Release|x64 = Release|x64
		Release|x86 = Release|x86
	EndGlobalSection
	GlobalSection(ProjectConfigurationPlatforms) = postSolution
		{A0B6D3F1-AE5E-423B-BA92-60C9926CA498}.Debug|Any CPU.ActiveCfg = Debug|Any CPU
		{A0B6D3F1-AE5E-423B-BA92-60C9926CA498}.Debug|Any CPU.Build.0 = Debug|Any CPU
		{A0B6D3F1-AE5E-423B-BA92-60C9926CA498}.Debug|ia64.ActiveCfg = Debug|ia64
		{A0B6D3F1-AE5E-423B-BA92-60C9926CA498}.Debug|ia64.Build.0 = Debug|ia64
		{A0B6D3F1-AE5E-423B-BA92-60C9926CA498}.Debug|x64.ActiveCfg = Debug|x64
		{A0B6D3F1-AE5E-423B-BA92-60C9926CA498}.Debug|x64.Build.0 = Debug|x64
		{A0B6D3F1-AE5E-423B-BA92-60C9926CA498}.Debug|x86.ActiveCfg = Debug|x86
		{A0B6D3F1-AE5E-423B-BA92-60C9926CA498}.Debug|x86.Build.0 = Debug|x86
		{A0B6D3F1-AE5E-423B-BA92-60C9926CA498}.Release|Any CPU.ActiveCfg = Release|Any CPU
		{A0B6D3F1-AE5E-423B-BA92-60C9926CA498}.Release|Any CPU.Build.0 = Release|Any CPU
		{A0B6D3F1-AE5E-423B-BA92-60C9926CA498}.Release|ia64.ActiveCfg = Release|ia64
		{A0B6D3F1-AE5E-423B-BA92-60C9926CA498}.Release|ia64.Build.0 = Release|ia64
		{A0B6D3F1-AE5E-423B-BA92-60C9926CA498}.Release|x64.ActiveCfg = Release|x64
		{A0B6D3F1-AE5E-423B-BA92-60C9926CA498}.Release|x64.Build.0 = Release|x64
		{A0B6D3F1-AE5E-423B-BA92-60C9926CA498}.Release|x86.ActiveCfg = Release|x86
		{A0B6D3F1-AE5E-423B-BA92-60C9926CA498}.Release|x86.Build.0 = Release|x86
		{58ED0EC8-73F8-4EE1-8664-A53486D38EC8}.Debug|Any CPU.ActiveCfg = Debug|Any CPU
		{58ED0EC8-73F8-4EE1-8664-A53486D38EC8}.Debug|Any CPU.Build.0 = Debug|Any CPU
		{58ED0EC8-73F8-4EE1-8664-A53486D38EC8}.Debug|ia64.ActiveCfg = Debug|Any CPU
		{58ED0EC8-73F8-4EE1-8664-A53486D38EC8}.Debug|x64.ActiveCfg = Debug|Any CPU
		{58ED0EC8-73F8-4EE1-8664-A53486D38EC8}.Debug|x86.ActiveCfg = Debug|Any CPU
		{58ED0EC8-73F8-4EE1-8664-A53486D38EC8}.Release|Any CPU.ActiveCfg = Release|Any CPU
		{58ED0EC8-73F8-4EE1-8664-A53486D38EC8}.Release|Any CPU.Build.0 = Release|Any CPU
		{58ED0EC8-73F8-4EE1-8664-A53486D38EC8}.Release|ia64.ActiveCfg = Release|Any CPU
		{58ED0EC8-73F8-4EE1-8664-A53486D38EC8}.Release|x64.ActiveCfg = Release|Any CPU
		{58ED0EC8-73F8-4EE1-8664-A53486D38EC8}.Release|x86.ActiveCfg = Release|Any CPU
		{2256EFD7-E678-4485-818D-986D590068BE}.Debug|Any CPU.ActiveCfg = Debug|Any CPU
		{2256EFD7-E678-4485-818D-986D590068BE}.Debug|Any CPU.Build.0 = Debug|Any CPU
		{2256EFD7-E678-4485-818D-986D590068BE}.Debug|ia64.ActiveCfg = Debug|ia64
		{2256EFD7-E678-4485-818D-986D590068BE}.Debug|ia64.Build.0 = Debug|ia64
		{2256EFD7-E678-4485-818D-986D590068BE}.Debug|x64.ActiveCfg = Debug|x64
		{2256EFD7-E678-4485-818D-986D590068BE}.Debug|x64.Build.0 = Debug|x64
		{2256EFD7-E678-4485-818D-986D590068BE}.Debug|x86.ActiveCfg = Debug|x86
		{2256EFD7-E678-4485-818D-986D590068BE}.Debug|x86.Build.0 = Debug|x86
		{2256EFD7-E678-4485-818D-986D590068BE}.Release|Any CPU.ActiveCfg = Release|Any CPU
		{2256EFD7-E678-4485-818D-986D590068BE}.Release|Any CPU.Build.0 = Release|Any CPU
		{2256EFD7-E678-4485-818D-986D590068BE}.Release|ia64.ActiveCfg = Release|ia64
		{2256EFD7-E678-4485-818D-986D590068BE}.Release|ia64.Build.0 = Release|ia64
		{2256EFD7-E678-4485-818D-986D590068BE}.Release|x64.ActiveCfg = Release|x64
		{2256EFD7-E678-4485-818D-986D590068BE}.Release|x64.Build.0 = Release|x64
		{2256EFD7-E678-4485-818D-986D590068BE}.Release|x86.ActiveCfg = Release|x86
		{2256EFD7-E678-4485-818D-986D590068BE}.Release|x86.Build.0 = Release|x86
		{CC3521F5-D0A8-4CBA-99E2-092FCD04125D}.Debug|Any CPU.ActiveCfg = Debug|Any CPU
		{CC3521F5-D0A8-4CBA-99E2-092FCD04125D}.Debug|Any CPU.Build.0 = Debug|Any CPU
		{CC3521F5-D0A8-4CBA-99E2-092FCD04125D}.Debug|ia64.ActiveCfg = Debug|ia64
		{CC3521F5-D0A8-4CBA-99E2-092FCD04125D}.Debug|ia64.Build.0 = Debug|ia64
		{CC3521F5-D0A8-4CBA-99E2-092FCD04125D}.Debug|x64.ActiveCfg = Debug|x64
		{CC3521F5-D0A8-4CBA-99E2-092FCD04125D}.Debug|x64.Build.0 = Debug|x64
		{CC3521F5-D0A8-4CBA-99E2-092FCD04125D}.Debug|x86.ActiveCfg = Debug|x86
		{CC3521F5-D0A8-4CBA-99E2-092FCD04125D}.Debug|x86.Build.0 = Debug|x86
		{CC3521F5-D0A8-4CBA-99E2-092FCD04125D}.Release|Any CPU.ActiveCfg = Release|Any CPU
		{CC3521F5-D0A8-4CBA-99E2-092FCD04125D}.Release|Any CPU.Build.0 = Release|Any CPU
		{CC3521F5-D0A8-4CBA-99E2-092FCD04125D}.Release|ia64.ActiveCfg = Release|ia64
		{CC3521F5-D0A8-4CBA-99E2-092FCD04125D}.Release|ia64.Build.0 = Release|ia64
		{CC3521F5-D0A8-4CBA-99E2-092FCD04125D}.Release|x64.ActiveCfg = Release|x64
		{CC3521F5-D0A8-4CBA-99E2-092FCD04125D}.Release|x64.Build.0 = Release|x64
		{CC3521F5-D0A8-4CBA-99E2-092FCD04125D}.Release|x86.ActiveCfg = Release|x86
		{CC3521F5-D0A8-4CBA-99E2-092FCD04125D}.Release|x86.Build.0 = Release|x86
		{AA3C1930-8C3E-4568-BEB1-03238FE771CD}.Debug|Any CPU.ActiveCfg = Debug|Any CPU
		{AA3C1930-8C3E-4568-BEB1-03238FE771CD}.Debug|Any CPU.Build.0 = Debug|Any CPU
		{AA3C1930-8C3E-4568-BEB1-03238FE771CD}.Debug|ia64.ActiveCfg = Debug|Any CPU
		{AA3C1930-8C3E-4568-BEB1-03238FE771CD}.Debug|x64.ActiveCfg = Debug|Any CPU
		{AA3C1930-8C3E-4568-BEB1-03238FE771CD}.Debug|x86.ActiveCfg = Debug|Any CPU
		{AA3C1930-8C3E-4568-BEB1-03238FE771CD}.Release|Any CPU.ActiveCfg = Release|Any CPU
		{AA3C1930-8C3E-4568-BEB1-03238FE771CD}.Release|Any CPU.Build.0 = Release|Any CPU
		{AA3C1930-8C3E-4568-BEB1-03238FE771CD}.Release|ia64.ActiveCfg = Release|Any CPU
		{AA3C1930-8C3E-4568-BEB1-03238FE771CD}.Release|x64.ActiveCfg = Release|Any CPU
		{AA3C1930-8C3E-4568-BEB1-03238FE771CD}.Release|x86.ActiveCfg = Release|Any CPU
		{3A9347D0-ACA1-457D-BAAE-AF8AA149E46B}.Debug|Any CPU.ActiveCfg = Debug|Any CPU
		{3A9347D0-ACA1-457D-BAAE-AF8AA149E46B}.Debug|Any CPU.Build.0 = Debug|Any CPU
		{3A9347D0-ACA1-457D-BAAE-AF8AA149E46B}.Debug|ia64.ActiveCfg = Debug|ia64
		{3A9347D0-ACA1-457D-BAAE-AF8AA149E46B}.Debug|ia64.Build.0 = Debug|ia64
		{3A9347D0-ACA1-457D-BAAE-AF8AA149E46B}.Debug|x64.ActiveCfg = Debug|x64
		{3A9347D0-ACA1-457D-BAAE-AF8AA149E46B}.Debug|x64.Build.0 = Debug|x64
		{3A9347D0-ACA1-457D-BAAE-AF8AA149E46B}.Debug|x86.ActiveCfg = Debug|x86
		{3A9347D0-ACA1-457D-BAAE-AF8AA149E46B}.Debug|x86.Build.0 = Debug|x86
		{3A9347D0-ACA1-457D-BAAE-AF8AA149E46B}.Release|Any CPU.ActiveCfg = Release|Any CPU
		{3A9347D0-ACA1-457D-BAAE-AF8AA149E46B}.Release|Any CPU.Build.0 = Release|Any CPU
		{3A9347D0-ACA1-457D-BAAE-AF8AA149E46B}.Release|ia64.ActiveCfg = Release|ia64
		{3A9347D0-ACA1-457D-BAAE-AF8AA149E46B}.Release|ia64.Build.0 = Release|ia64
		{3A9347D0-ACA1-457D-BAAE-AF8AA149E46B}.Release|x64.ActiveCfg = Release|x64
		{3A9347D0-ACA1-457D-BAAE-AF8AA149E46B}.Release|x64.Build.0 = Release|x64
		{3A9347D0-ACA1-457D-BAAE-AF8AA149E46B}.Release|x86.ActiveCfg = Release|x86
		{3A9347D0-ACA1-457D-BAAE-AF8AA149E46B}.Release|x86.Build.0 = Release|x86
		{B5461A62-7303-4741-A094-A793A235E38D}.Debug|Any CPU.ActiveCfg = Debug|Any CPU
		{B5461A62-7303-4741-A094-A793A235E38D}.Debug|Any CPU.Build.0 = Debug|Any CPU
		{B5461A62-7303-4741-A094-A793A235E38D}.Debug|ia64.ActiveCfg = Debug|Any CPU
		{B5461A62-7303-4741-A094-A793A235E38D}.Debug|x64.ActiveCfg = Debug|Any CPU
		{B5461A62-7303-4741-A094-A793A235E38D}.Debug|x86.ActiveCfg = Debug|Any CPU
		{B5461A62-7303-4741-A094-A793A235E38D}.Release|Any CPU.ActiveCfg = Release|Any CPU
		{B5461A62-7303-4741-A094-A793A235E38D}.Release|Any CPU.Build.0 = Release|Any CPU
		{B5461A62-7303-4741-A094-A793A235E38D}.Release|ia64.ActiveCfg = Release|Any CPU
		{B5461A62-7303-4741-A094-A793A235E38D}.Release|x64.ActiveCfg = Release|Any CPU
		{B5461A62-7303-4741-A094-A793A235E38D}.Release|x86.ActiveCfg = Release|Any CPU
		{EA867716-8FF0-4008-B197-9F326420ABE4}.Debug|Any CPU.ActiveCfg = Debug|Any CPU
		{EA867716-8FF0-4008-B197-9F326420ABE4}.Debug|Any CPU.Build.0 = Debug|Any CPU
		{EA867716-8FF0-4008-B197-9F326420ABE4}.Debug|ia64.ActiveCfg = Debug|ia64
		{EA867716-8FF0-4008-B197-9F326420ABE4}.Debug|ia64.Build.0 = Debug|ia64
		{EA867716-8FF0-4008-B197-9F326420ABE4}.Debug|x64.ActiveCfg = Debug|x64
		{EA867716-8FF0-4008-B197-9F326420ABE4}.Debug|x64.Build.0 = Debug|x64
		{EA867716-8FF0-4008-B197-9F326420ABE4}.Debug|x86.ActiveCfg = Debug|x86
		{EA867716-8FF0-4008-B197-9F326420ABE4}.Debug|x86.Build.0 = Debug|x86
		{EA867716-8FF0-4008-B197-9F326420ABE4}.Release|Any CPU.ActiveCfg = Release|Any CPU
		{EA867716-8FF0-4008-B197-9F326420ABE4}.Release|Any CPU.Build.0 = Release|Any CPU
		{EA867716-8FF0-4008-B197-9F326420ABE4}.Release|ia64.ActiveCfg = Release|ia64
		{EA867716-8FF0-4008-B197-9F326420ABE4}.Release|ia64.Build.0 = Release|ia64
		{EA867716-8FF0-4008-B197-9F326420ABE4}.Release|x64.ActiveCfg = Release|x64
		{EA867716-8FF0-4008-B197-9F326420ABE4}.Release|x64.Build.0 = Release|x64
		{EA867716-8FF0-4008-B197-9F326420ABE4}.Release|x86.ActiveCfg = Release|x86
		{EA867716-8FF0-4008-B197-9F326420ABE4}.Release|x86.Build.0 = Release|x86
		{45E4A6AC-3190-4E17-83F0-9935FFA5DC2B}.Debug|Any CPU.ActiveCfg = Debug|Any CPU
		{45E4A6AC-3190-4E17-83F0-9935FFA5DC2B}.Debug|Any CPU.Build.0 = Debug|Any CPU
		{45E4A6AC-3190-4E17-83F0-9935FFA5DC2B}.Debug|ia64.ActiveCfg = Debug|Any CPU
		{45E4A6AC-3190-4E17-83F0-9935FFA5DC2B}.Debug|x64.ActiveCfg = Debug|Any CPU
		{45E4A6AC-3190-4E17-83F0-9935FFA5DC2B}.Debug|x86.ActiveCfg = Debug|Any CPU
		{45E4A6AC-3190-4E17-83F0-9935FFA5DC2B}.Release|Any CPU.ActiveCfg = Release|Any CPU
		{45E4A6AC-3190-4E17-83F0-9935FFA5DC2B}.Release|Any CPU.Build.0 = Release|Any CPU
		{45E4A6AC-3190-4E17-83F0-9935FFA5DC2B}.Release|ia64.ActiveCfg = Release|Any CPU
		{45E4A6AC-3190-4E17-83F0-9935FFA5DC2B}.Release|x64.ActiveCfg = Release|Any CPU
		{45E4A6AC-3190-4E17-83F0-9935FFA5DC2B}.Release|x86.ActiveCfg = Release|Any CPU
		{3F986AAC-50E2-4BEB-A439-2528BB885CA2}.Debug|Any CPU.ActiveCfg = Debug|Any CPU
		{3F986AAC-50E2-4BEB-A439-2528BB885CA2}.Debug|Any CPU.Build.0 = Debug|Any CPU
		{3F986AAC-50E2-4BEB-A439-2528BB885CA2}.Debug|ia64.ActiveCfg = Debug|ia64
		{3F986AAC-50E2-4BEB-A439-2528BB885CA2}.Debug|ia64.Build.0 = Debug|ia64
		{3F986AAC-50E2-4BEB-A439-2528BB885CA2}.Debug|x64.ActiveCfg = Debug|x64
		{3F986AAC-50E2-4BEB-A439-2528BB885CA2}.Debug|x64.Build.0 = Debug|x64
		{3F986AAC-50E2-4BEB-A439-2528BB885CA2}.Debug|x86.ActiveCfg = Debug|x86
		{3F986AAC-50E2-4BEB-A439-2528BB885CA2}.Debug|x86.Build.0 = Debug|x86
		{3F986AAC-50E2-4BEB-A439-2528BB885CA2}.Release|Any CPU.ActiveCfg = Release|Any CPU
		{3F986AAC-50E2-4BEB-A439-2528BB885CA2}.Release|Any CPU.Build.0 = Release|Any CPU
		{3F986AAC-50E2-4BEB-A439-2528BB885CA2}.Release|ia64.ActiveCfg = Release|ia64
		{3F986AAC-50E2-4BEB-A439-2528BB885CA2}.Release|ia64.Build.0 = Release|ia64
		{3F986AAC-50E2-4BEB-A439-2528BB885CA2}.Release|x64.ActiveCfg = Release|x64
		{3F986AAC-50E2-4BEB-A439-2528BB885CA2}.Release|x64.Build.0 = Release|x64
		{3F986AAC-50E2-4BEB-A439-2528BB885CA2}.Release|x86.ActiveCfg = Release|x86
		{3F986AAC-50E2-4BEB-A439-2528BB885CA2}.Release|x86.Build.0 = Release|x86
		{1BF0EE99-CF9A-4531-A585-B15CB1BF4AE2}.Debug|Any CPU.ActiveCfg = Debug|Any CPU
		{1BF0EE99-CF9A-4531-A585-B15CB1BF4AE2}.Debug|Any CPU.Build.0 = Debug|Any CPU
		{1BF0EE99-CF9A-4531-A585-B15CB1BF4AE2}.Debug|ia64.ActiveCfg = Debug|Any CPU
		{1BF0EE99-CF9A-4531-A585-B15CB1BF4AE2}.Debug|x64.ActiveCfg = Debug|Any CPU
		{1BF0EE99-CF9A-4531-A585-B15CB1BF4AE2}.Debug|x86.ActiveCfg = Debug|Any CPU
		{1BF0EE99-CF9A-4531-A585-B15CB1BF4AE2}.Release|Any CPU.ActiveCfg = Release|Any CPU
		{1BF0EE99-CF9A-4531-A585-B15CB1BF4AE2}.Release|Any CPU.Build.0 = Release|Any CPU
		{1BF0EE99-CF9A-4531-A585-B15CB1BF4AE2}.Release|ia64.ActiveCfg = Release|Any CPU
		{1BF0EE99-CF9A-4531-A585-B15CB1BF4AE2}.Release|x64.ActiveCfg = Release|Any CPU
		{1BF0EE99-CF9A-4531-A585-B15CB1BF4AE2}.Release|x86.ActiveCfg = Release|Any CPU
		{A9C6D100-CE5C-4246-8837-7582FB7D6578}.Debug|Any CPU.ActiveCfg = Debug|Any CPU
		{A9C6D100-CE5C-4246-8837-7582FB7D6578}.Debug|Any CPU.Build.0 = Debug|Any CPU
		{A9C6D100-CE5C-4246-8837-7582FB7D6578}.Debug|ia64.ActiveCfg = Debug|ia64
		{A9C6D100-CE5C-4246-8837-7582FB7D6578}.Debug|ia64.Build.0 = Debug|ia64
		{A9C6D100-CE5C-4246-8837-7582FB7D6578}.Debug|x64.ActiveCfg = Debug|x64
		{A9C6D100-CE5C-4246-8837-7582FB7D6578}.Debug|x64.Build.0 = Debug|x64
		{A9C6D100-CE5C-4246-8837-7582FB7D6578}.Debug|x86.ActiveCfg = Debug|x86
		{A9C6D100-CE5C-4246-8837-7582FB7D6578}.Debug|x86.Build.0 = Debug|x86
		{A9C6D100-CE5C-4246-8837-7582FB7D6578}.Release|Any CPU.ActiveCfg = Release|Any CPU
		{A9C6D100-CE5C-4246-8837-7582FB7D6578}.Release|Any CPU.Build.0 = Release|Any CPU
		{A9C6D100-CE5C-4246-8837-7582FB7D6578}.Release|ia64.ActiveCfg = Release|ia64
		{A9C6D100-CE5C-4246-8837-7582FB7D6578}.Release|ia64.Build.0 = Release|ia64
		{A9C6D100-CE5C-4246-8837-7582FB7D6578}.Release|x64.ActiveCfg = Release|x64
		{A9C6D100-CE5C-4246-8837-7582FB7D6578}.Release|x64.Build.0 = Release|x64
		{A9C6D100-CE5C-4246-8837-7582FB7D6578}.Release|x86.ActiveCfg = Release|x86
		{A9C6D100-CE5C-4246-8837-7582FB7D6578}.Release|x86.Build.0 = Release|x86
		{6F1482DF-1598-4D88-BDAA-B9D0E0242139}.Debug|Any CPU.ActiveCfg = Debug|Any CPU
		{6F1482DF-1598-4D88-BDAA-B9D0E0242139}.Debug|Any CPU.Build.0 = Debug|Any CPU
		{6F1482DF-1598-4D88-BDAA-B9D0E0242139}.Debug|ia64.ActiveCfg = Debug|ia64
		{6F1482DF-1598-4D88-BDAA-B9D0E0242139}.Debug|ia64.Build.0 = Debug|ia64
		{6F1482DF-1598-4D88-BDAA-B9D0E0242139}.Debug|x64.ActiveCfg = Debug|x64
		{6F1482DF-1598-4D88-BDAA-B9D0E0242139}.Debug|x64.Build.0 = Debug|x64
		{6F1482DF-1598-4D88-BDAA-B9D0E0242139}.Debug|x86.ActiveCfg = Debug|x86
		{6F1482DF-1598-4D88-BDAA-B9D0E0242139}.Debug|x86.Build.0 = Debug|x86
		{6F1482DF-1598-4D88-BDAA-B9D0E0242139}.Release|Any CPU.ActiveCfg = Release|Any CPU
		{6F1482DF-1598-4D88-BDAA-B9D0E0242139}.Release|Any CPU.Build.0 = Release|Any CPU
		{6F1482DF-1598-4D88-BDAA-B9D0E0242139}.Release|ia64.ActiveCfg = Release|ia64
		{6F1482DF-1598-4D88-BDAA-B9D0E0242139}.Release|ia64.Build.0 = Release|ia64
		{6F1482DF-1598-4D88-BDAA-B9D0E0242139}.Release|x64.ActiveCfg = Release|x64
		{6F1482DF-1598-4D88-BDAA-B9D0E0242139}.Release|x64.Build.0 = Release|x64
		{6F1482DF-1598-4D88-BDAA-B9D0E0242139}.Release|x86.ActiveCfg = Release|x86
		{6F1482DF-1598-4D88-BDAA-B9D0E0242139}.Release|x86.Build.0 = Release|x86
		{9D4CCDFC-840C-4D4E-A9B0-3D6015480645}.Debug|Any CPU.ActiveCfg = Debug|Any CPU
		{9D4CCDFC-840C-4D4E-A9B0-3D6015480645}.Debug|Any CPU.Build.0 = Debug|Any CPU
		{9D4CCDFC-840C-4D4E-A9B0-3D6015480645}.Debug|ia64.ActiveCfg = Debug|Any CPU
		{9D4CCDFC-840C-4D4E-A9B0-3D6015480645}.Debug|x64.ActiveCfg = Debug|Any CPU
		{9D4CCDFC-840C-4D4E-A9B0-3D6015480645}.Debug|x86.ActiveCfg = Debug|Any CPU
		{9D4CCDFC-840C-4D4E-A9B0-3D6015480645}.Release|Any CPU.ActiveCfg = Release|Any CPU
		{9D4CCDFC-840C-4D4E-A9B0-3D6015480645}.Release|Any CPU.Build.0 = Release|Any CPU
		{9D4CCDFC-840C-4D4E-A9B0-3D6015480645}.Release|ia64.ActiveCfg = Release|Any CPU
		{9D4CCDFC-840C-4D4E-A9B0-3D6015480645}.Release|x64.ActiveCfg = Release|Any CPU
		{9D4CCDFC-840C-4D4E-A9B0-3D6015480645}.Release|x86.ActiveCfg = Release|Any CPU
		{E917D8E0-4883-4AA6-AE1F-57839165E188}.Debug|Any CPU.ActiveCfg = Debug|Any CPU
		{E917D8E0-4883-4AA6-AE1F-57839165E188}.Debug|Any CPU.Build.0 = Debug|Any CPU
		{E917D8E0-4883-4AA6-AE1F-57839165E188}.Debug|ia64.ActiveCfg = Debug|ia64
		{E917D8E0-4883-4AA6-AE1F-57839165E188}.Debug|ia64.Build.0 = Debug|ia64
		{E917D8E0-4883-4AA6-AE1F-57839165E188}.Debug|x64.ActiveCfg = Debug|x64
		{E917D8E0-4883-4AA6-AE1F-57839165E188}.Debug|x64.Build.0 = Debug|x64
		{E917D8E0-4883-4AA6-AE1F-57839165E188}.Debug|x86.ActiveCfg = Debug|x86
		{E917D8E0-4883-4AA6-AE1F-57839165E188}.Debug|x86.Build.0 = Debug|x86
		{E917D8E0-4883-4AA6-AE1F-57839165E188}.Release|Any CPU.ActiveCfg = Release|Any CPU
		{E917D8E0-4883-4AA6-AE1F-57839165E188}.Release|Any CPU.Build.0 = Release|Any CPU
		{E917D8E0-4883-4AA6-AE1F-57839165E188}.Release|ia64.ActiveCfg = Release|ia64
		{E917D8E0-4883-4AA6-AE1F-57839165E188}.Release|ia64.Build.0 = Release|ia64
		{E917D8E0-4883-4AA6-AE1F-57839165E188}.Release|x64.ActiveCfg = Release|x64
		{E917D8E0-4883-4AA6-AE1F-57839165E188}.Release|x64.Build.0 = Release|x64
		{E917D8E0-4883-4AA6-AE1F-57839165E188}.Release|x86.ActiveCfg = Release|x86
		{E917D8E0-4883-4AA6-AE1F-57839165E188}.Release|x86.Build.0 = Release|x86
		{0749DFEB-4621-4105-A2EF-2AB59002564D}.Debug|Any CPU.ActiveCfg = Debug|Any CPU
		{0749DFEB-4621-4105-A2EF-2AB59002564D}.Debug|Any CPU.Build.0 = Debug|Any CPU
		{0749DFEB-4621-4105-A2EF-2AB59002564D}.Debug|ia64.ActiveCfg = Debug|Any CPU
		{0749DFEB-4621-4105-A2EF-2AB59002564D}.Debug|x64.ActiveCfg = Debug|Any CPU
		{0749DFEB-4621-4105-A2EF-2AB59002564D}.Debug|x86.ActiveCfg = Debug|Any CPU
		{0749DFEB-4621-4105-A2EF-2AB59002564D}.Release|Any CPU.ActiveCfg = Release|Any CPU
		{0749DFEB-4621-4105-A2EF-2AB59002564D}.Release|Any CPU.Build.0 = Release|Any CPU
		{0749DFEB-4621-4105-A2EF-2AB59002564D}.Release|ia64.ActiveCfg = Release|Any CPU
		{0749DFEB-4621-4105-A2EF-2AB59002564D}.Release|x64.ActiveCfg = Release|Any CPU
		{0749DFEB-4621-4105-A2EF-2AB59002564D}.Release|x86.ActiveCfg = Release|Any CPU
		{33F6ABF5-FA13-4B73-99FA-F9BBA894DD9A}.Debug|Any CPU.ActiveCfg = Debug|Any CPU
		{33F6ABF5-FA13-4B73-99FA-F9BBA894DD9A}.Debug|Any CPU.Build.0 = Debug|Any CPU
		{33F6ABF5-FA13-4B73-99FA-F9BBA894DD9A}.Debug|ia64.ActiveCfg = Debug|ia64
		{33F6ABF5-FA13-4B73-99FA-F9BBA894DD9A}.Debug|ia64.Build.0 = Debug|ia64
		{33F6ABF5-FA13-4B73-99FA-F9BBA894DD9A}.Debug|x64.ActiveCfg = Debug|x64
		{33F6ABF5-FA13-4B73-99FA-F9BBA894DD9A}.Debug|x64.Build.0 = Debug|x64
		{33F6ABF5-FA13-4B73-99FA-F9BBA894DD9A}.Debug|x86.ActiveCfg = Debug|x86
		{33F6ABF5-FA13-4B73-99FA-F9BBA894DD9A}.Debug|x86.Build.0 = Debug|x86
		{33F6ABF5-FA13-4B73-99FA-F9BBA894DD9A}.Release|Any CPU.ActiveCfg = Release|Any CPU
		{33F6ABF5-FA13-4B73-99FA-F9BBA894DD9A}.Release|Any CPU.Build.0 = Release|Any CPU
		{33F6ABF5-FA13-4B73-99FA-F9BBA894DD9A}.Release|ia64.ActiveCfg = Release|ia64
		{33F6ABF5-FA13-4B73-99FA-F9BBA894DD9A}.Release|ia64.Build.0 = Release|ia64
		{33F6ABF5-FA13-4B73-99FA-F9BBA894DD9A}.Release|x64.ActiveCfg = Release|x64
		{33F6ABF5-FA13-4B73-99FA-F9BBA894DD9A}.Release|x64.Build.0 = Release|x64
		{33F6ABF5-FA13-4B73-99FA-F9BBA894DD9A}.Release|x86.ActiveCfg = Release|x86
		{33F6ABF5-FA13-4B73-99FA-F9BBA894DD9A}.Release|x86.Build.0 = Release|x86
		{2D4FF07B-26F8-4BEF-B41C-E4383F86DC32}.Debug|Any CPU.ActiveCfg = Debug|Any CPU
		{2D4FF07B-26F8-4BEF-B41C-E4383F86DC32}.Debug|Any CPU.Build.0 = Debug|Any CPU
		{2D4FF07B-26F8-4BEF-B41C-E4383F86DC32}.Debug|ia64.ActiveCfg = Debug|Any CPU
		{2D4FF07B-26F8-4BEF-B41C-E4383F86DC32}.Debug|x64.ActiveCfg = Debug|Any CPU
		{2D4FF07B-26F8-4BEF-B41C-E4383F86DC32}.Debug|x86.ActiveCfg = Debug|Any CPU
		{2D4FF07B-26F8-4BEF-B41C-E4383F86DC32}.Release|Any CPU.ActiveCfg = Release|Any CPU
		{2D4FF07B-26F8-4BEF-B41C-E4383F86DC32}.Release|Any CPU.Build.0 = Release|Any CPU
		{2D4FF07B-26F8-4BEF-B41C-E4383F86DC32}.Release|ia64.ActiveCfg = Release|Any CPU
		{2D4FF07B-26F8-4BEF-B41C-E4383F86DC32}.Release|x64.ActiveCfg = Release|Any CPU
		{2D4FF07B-26F8-4BEF-B41C-E4383F86DC32}.Release|x86.ActiveCfg = Release|Any CPU
		{3E74F4F0-7DC9-4837-9443-D5BE061C892C}.Debug|Any CPU.ActiveCfg = Debug|Any CPU
		{3E74F4F0-7DC9-4837-9443-D5BE061C892C}.Debug|Any CPU.Build.0 = Debug|Any CPU
		{3E74F4F0-7DC9-4837-9443-D5BE061C892C}.Debug|ia64.ActiveCfg = Debug|ia64
		{3E74F4F0-7DC9-4837-9443-D5BE061C892C}.Debug|ia64.Build.0 = Debug|ia64
		{3E74F4F0-7DC9-4837-9443-D5BE061C892C}.Debug|x64.ActiveCfg = Debug|x64
		{3E74F4F0-7DC9-4837-9443-D5BE061C892C}.Debug|x64.Build.0 = Debug|x64
		{3E74F4F0-7DC9-4837-9443-D5BE061C892C}.Debug|x86.ActiveCfg = Debug|x86
		{3E74F4F0-7DC9-4837-9443-D5BE061C892C}.Debug|x86.Build.0 = Debug|x86
		{3E74F4F0-7DC9-4837-9443-D5BE061C892C}.Release|Any CPU.ActiveCfg = Release|Any CPU
		{3E74F4F0-7DC9-4837-9443-D5BE061C892C}.Release|Any CPU.Build.0 = Release|Any CPU
		{3E74F4F0-7DC9-4837-9443-D5BE061C892C}.Release|ia64.ActiveCfg = Release|ia64
		{3E74F4F0-7DC9-4837-9443-D5BE061C892C}.Release|ia64.Build.0 = Release|ia64
		{3E74F4F0-7DC9-4837-9443-D5BE061C892C}.Release|x64.ActiveCfg = Release|x64
		{3E74F4F0-7DC9-4837-9443-D5BE061C892C}.Release|x64.Build.0 = Release|x64
		{3E74F4F0-7DC9-4837-9443-D5BE061C892C}.Release|x86.ActiveCfg = Release|x86
		{3E74F4F0-7DC9-4837-9443-D5BE061C892C}.Release|x86.Build.0 = Release|x86
		{1ACFFEFD-505A-41A5-ACBF-A02B7B473AA2}.Debug|Any CPU.ActiveCfg = Debug|Any CPU
		{1ACFFEFD-505A-41A5-ACBF-A02B7B473AA2}.Debug|Any CPU.Build.0 = Debug|Any CPU
		{1ACFFEFD-505A-41A5-ACBF-A02B7B473AA2}.Debug|ia64.ActiveCfg = Debug|Any CPU
		{1ACFFEFD-505A-41A5-ACBF-A02B7B473AA2}.Debug|x64.ActiveCfg = Debug|Any CPU
		{1ACFFEFD-505A-41A5-ACBF-A02B7B473AA2}.Debug|x86.ActiveCfg = Debug|Any CPU
		{1ACFFEFD-505A-41A5-ACBF-A02B7B473AA2}.Release|Any CPU.ActiveCfg = Release|Any CPU
		{1ACFFEFD-505A-41A5-ACBF-A02B7B473AA2}.Release|Any CPU.Build.0 = Release|Any CPU
		{1ACFFEFD-505A-41A5-ACBF-A02B7B473AA2}.Release|ia64.ActiveCfg = Release|Any CPU
		{1ACFFEFD-505A-41A5-ACBF-A02B7B473AA2}.Release|x64.ActiveCfg = Release|Any CPU
		{1ACFFEFD-505A-41A5-ACBF-A02B7B473AA2}.Release|x86.ActiveCfg = Release|Any CPU
		{90DB54A5-279B-4A55-A5C3-4B20EC74A85B}.Debug|Any CPU.ActiveCfg = Debug|Any CPU
		{90DB54A5-279B-4A55-A5C3-4B20EC74A85B}.Debug|Any CPU.Build.0 = Debug|Any CPU
		{90DB54A5-279B-4A55-A5C3-4B20EC74A85B}.Debug|ia64.ActiveCfg = Debug|ia64
		{90DB54A5-279B-4A55-A5C3-4B20EC74A85B}.Debug|ia64.Build.0 = Debug|ia64
		{90DB54A5-279B-4A55-A5C3-4B20EC74A85B}.Debug|x64.ActiveCfg = Debug|x64
		{90DB54A5-279B-4A55-A5C3-4B20EC74A85B}.Debug|x64.Build.0 = Debug|x64
		{90DB54A5-279B-4A55-A5C3-4B20EC74A85B}.Debug|x86.ActiveCfg = Debug|x86
		{90DB54A5-279B-4A55-A5C3-4B20EC74A85B}.Debug|x86.Build.0 = Debug|x86
		{90DB54A5-279B-4A55-A5C3-4B20EC74A85B}.Release|Any CPU.ActiveCfg = Release|Any CPU
		{90DB54A5-279B-4A55-A5C3-4B20EC74A85B}.Release|Any CPU.Build.0 = Release|Any CPU
		{90DB54A5-279B-4A55-A5C3-4B20EC74A85B}.Release|ia64.ActiveCfg = Release|ia64
		{90DB54A5-279B-4A55-A5C3-4B20EC74A85B}.Release|ia64.Build.0 = Release|ia64
		{90DB54A5-279B-4A55-A5C3-4B20EC74A85B}.Release|x64.ActiveCfg = Release|x64
		{90DB54A5-279B-4A55-A5C3-4B20EC74A85B}.Release|x64.Build.0 = Release|x64
		{90DB54A5-279B-4A55-A5C3-4B20EC74A85B}.Release|x86.ActiveCfg = Release|x86
		{90DB54A5-279B-4A55-A5C3-4B20EC74A85B}.Release|x86.Build.0 = Release|x86
		{B0FD938D-C569-457D-AFF0-25EE5E99386E}.Debug|Any CPU.ActiveCfg = Debug|Any CPU
		{B0FD938D-C569-457D-AFF0-25EE5E99386E}.Debug|Any CPU.Build.0 = Debug|Any CPU
		{B0FD938D-C569-457D-AFF0-25EE5E99386E}.Debug|ia64.ActiveCfg = Debug|ia64
		{B0FD938D-C569-457D-AFF0-25EE5E99386E}.Debug|ia64.Build.0 = Debug|ia64
		{B0FD938D-C569-457D-AFF0-25EE5E99386E}.Debug|x64.ActiveCfg = Debug|x64
		{B0FD938D-C569-457D-AFF0-25EE5E99386E}.Debug|x64.Build.0 = Debug|x64
		{B0FD938D-C569-457D-AFF0-25EE5E99386E}.Debug|x86.ActiveCfg = Debug|x86
		{B0FD938D-C569-457D-AFF0-25EE5E99386E}.Debug|x86.Build.0 = Debug|x86
		{B0FD938D-C569-457D-AFF0-25EE5E99386E}.Release|Any CPU.ActiveCfg = Release|Any CPU
		{B0FD938D-C569-457D-AFF0-25EE5E99386E}.Release|Any CPU.Build.0 = Release|Any CPU
		{B0FD938D-C569-457D-AFF0-25EE5E99386E}.Release|ia64.ActiveCfg = Release|ia64
		{B0FD938D-C569-457D-AFF0-25EE5E99386E}.Release|ia64.Build.0 = Release|ia64
		{B0FD938D-C569-457D-AFF0-25EE5E99386E}.Release|x64.ActiveCfg = Release|x64
		{B0FD938D-C569-457D-AFF0-25EE5E99386E}.Release|x64.Build.0 = Release|x64
		{B0FD938D-C569-457D-AFF0-25EE5E99386E}.Release|x86.ActiveCfg = Release|x86
		{B0FD938D-C569-457D-AFF0-25EE5E99386E}.Release|x86.Build.0 = Release|x86
		{14345C9D-8AF8-435A-BB1B-E067CE7EB321}.Debug|Any CPU.ActiveCfg = Debug|Any CPU
		{14345C9D-8AF8-435A-BB1B-E067CE7EB321}.Debug|Any CPU.Build.0 = Debug|Any CPU
		{14345C9D-8AF8-435A-BB1B-E067CE7EB321}.Debug|ia64.ActiveCfg = Debug|Any CPU
		{14345C9D-8AF8-435A-BB1B-E067CE7EB321}.Debug|x64.ActiveCfg = Debug|Any CPU
		{14345C9D-8AF8-435A-BB1B-E067CE7EB321}.Debug|x86.ActiveCfg = Debug|Any CPU
		{14345C9D-8AF8-435A-BB1B-E067CE7EB321}.Release|Any CPU.ActiveCfg = Release|Any CPU
		{14345C9D-8AF8-435A-BB1B-E067CE7EB321}.Release|Any CPU.Build.0 = Release|Any CPU
		{14345C9D-8AF8-435A-BB1B-E067CE7EB321}.Release|ia64.ActiveCfg = Release|Any CPU
		{14345C9D-8AF8-435A-BB1B-E067CE7EB321}.Release|x64.ActiveCfg = Release|Any CPU
		{14345C9D-8AF8-435A-BB1B-E067CE7EB321}.Release|x86.ActiveCfg = Release|Any CPU
		{9E03A94C-C70E-45C6-A269-E737BBD8B319}.Debug|Any CPU.ActiveCfg = Debug|Any CPU
		{9E03A94C-C70E-45C6-A269-E737BBD8B319}.Debug|Any CPU.Build.0 = Debug|Any CPU
		{9E03A94C-C70E-45C6-A269-E737BBD8B319}.Debug|ia64.ActiveCfg = Debug|ia64
		{9E03A94C-C70E-45C6-A269-E737BBD8B319}.Debug|ia64.Build.0 = Debug|ia64
		{9E03A94C-C70E-45C6-A269-E737BBD8B319}.Debug|x64.ActiveCfg = Debug|x64
		{9E03A94C-C70E-45C6-A269-E737BBD8B319}.Debug|x64.Build.0 = Debug|x64
		{9E03A94C-C70E-45C6-A269-E737BBD8B319}.Debug|x86.ActiveCfg = Debug|x86
		{9E03A94C-C70E-45C6-A269-E737BBD8B319}.Debug|x86.Build.0 = Debug|x86
		{9E03A94C-C70E-45C6-A269-E737BBD8B319}.Release|Any CPU.ActiveCfg = Release|Any CPU
		{9E03A94C-C70E-45C6-A269-E737BBD8B319}.Release|Any CPU.Build.0 = Release|Any CPU
		{9E03A94C-C70E-45C6-A269-E737BBD8B319}.Release|ia64.ActiveCfg = Release|ia64
		{9E03A94C-C70E-45C6-A269-E737BBD8B319}.Release|ia64.Build.0 = Release|ia64
		{9E03A94C-C70E-45C6-A269-E737BBD8B319}.Release|x64.ActiveCfg = Release|x64
		{9E03A94C-C70E-45C6-A269-E737BBD8B319}.Release|x64.Build.0 = Release|x64
		{9E03A94C-C70E-45C6-A269-E737BBD8B319}.Release|x86.ActiveCfg = Release|x86
		{9E03A94C-C70E-45C6-A269-E737BBD8B319}.Release|x86.Build.0 = Release|x86
		{97B3B5DF-70D2-4658-9259-1DB34976F89F}.Debug|Any CPU.ActiveCfg = Debug|Any CPU
		{97B3B5DF-70D2-4658-9259-1DB34976F89F}.Debug|Any CPU.Build.0 = Debug|Any CPU
		{97B3B5DF-70D2-4658-9259-1DB34976F89F}.Debug|ia64.ActiveCfg = Debug|ia64
		{97B3B5DF-70D2-4658-9259-1DB34976F89F}.Debug|ia64.Build.0 = Debug|ia64
		{97B3B5DF-70D2-4658-9259-1DB34976F89F}.Debug|x64.ActiveCfg = Debug|x64
		{97B3B5DF-70D2-4658-9259-1DB34976F89F}.Debug|x64.Build.0 = Debug|x64
		{97B3B5DF-70D2-4658-9259-1DB34976F89F}.Debug|x86.ActiveCfg = Debug|x86
		{97B3B5DF-70D2-4658-9259-1DB34976F89F}.Debug|x86.Build.0 = Debug|x86
		{97B3B5DF-70D2-4658-9259-1DB34976F89F}.Release|Any CPU.ActiveCfg = Release|Any CPU
		{97B3B5DF-70D2-4658-9259-1DB34976F89F}.Release|Any CPU.Build.0 = Release|Any CPU
		{97B3B5DF-70D2-4658-9259-1DB34976F89F}.Release|ia64.ActiveCfg = Release|ia64
		{97B3B5DF-70D2-4658-9259-1DB34976F89F}.Release|ia64.Build.0 = Release|ia64
		{97B3B5DF-70D2-4658-9259-1DB34976F89F}.Release|x64.ActiveCfg = Release|x64
		{97B3B5DF-70D2-4658-9259-1DB34976F89F}.Release|x64.Build.0 = Release|x64
		{97B3B5DF-70D2-4658-9259-1DB34976F89F}.Release|x86.ActiveCfg = Release|x86
		{97B3B5DF-70D2-4658-9259-1DB34976F89F}.Release|x86.Build.0 = Release|x86
		{43175B3B-5440-4556-8BAD-2C322153D96F}.Debug|Any CPU.ActiveCfg = Debug|Any CPU
		{43175B3B-5440-4556-8BAD-2C322153D96F}.Debug|Any CPU.Build.0 = Debug|Any CPU
		{43175B3B-5440-4556-8BAD-2C322153D96F}.Debug|ia64.ActiveCfg = Debug|ia64
		{43175B3B-5440-4556-8BAD-2C322153D96F}.Debug|ia64.Build.0 = Debug|ia64
		{43175B3B-5440-4556-8BAD-2C322153D96F}.Debug|x64.ActiveCfg = Debug|x64
		{43175B3B-5440-4556-8BAD-2C322153D96F}.Debug|x64.Build.0 = Debug|x64
		{43175B3B-5440-4556-8BAD-2C322153D96F}.Debug|x86.ActiveCfg = Debug|x86
		{43175B3B-5440-4556-8BAD-2C322153D96F}.Debug|x86.Build.0 = Debug|x86
		{43175B3B-5440-4556-8BAD-2C322153D96F}.Release|Any CPU.ActiveCfg = Release|Any CPU
		{43175B3B-5440-4556-8BAD-2C322153D96F}.Release|Any CPU.Build.0 = Release|Any CPU
		{43175B3B-5440-4556-8BAD-2C322153D96F}.Release|ia64.ActiveCfg = Release|ia64
		{43175B3B-5440-4556-8BAD-2C322153D96F}.Release|ia64.Build.0 = Release|ia64
		{43175B3B-5440-4556-8BAD-2C322153D96F}.Release|x64.ActiveCfg = Release|x64
		{43175B3B-5440-4556-8BAD-2C322153D96F}.Release|x64.Build.0 = Release|x64
		{43175B3B-5440-4556-8BAD-2C322153D96F}.Release|x86.ActiveCfg = Release|x86
		{43175B3B-5440-4556-8BAD-2C322153D96F}.Release|x86.Build.0 = Release|x86
		{4B2BD779-59F7-4BF1-871C-A75952BCA749}.Debug|Any CPU.ActiveCfg = Debug|Any CPU
		{4B2BD779-59F7-4BF1-871C-A75952BCA749}.Debug|Any CPU.Build.0 = Debug|Any CPU
		{4B2BD779-59F7-4BF1-871C-A75952BCA749}.Debug|ia64.ActiveCfg = Debug|ia64
		{4B2BD779-59F7-4BF1-871C-A75952BCA749}.Debug|ia64.Build.0 = Debug|ia64
		{4B2BD779-59F7-4BF1-871C-A75952BCA749}.Debug|x64.ActiveCfg = Debug|x64
		{4B2BD779-59F7-4BF1-871C-A75952BCA749}.Debug|x64.Build.0 = Debug|x64
		{4B2BD779-59F7-4BF1-871C-A75952BCA749}.Debug|x86.ActiveCfg = Debug|x86
		{4B2BD779-59F7-4BF1-871C-A75952BCA749}.Debug|x86.Build.0 = Debug|x86
		{4B2BD779-59F7-4BF1-871C-A75952BCA749}.Release|Any CPU.ActiveCfg = Release|Any CPU
		{4B2BD779-59F7-4BF1-871C-A75952BCA749}.Release|Any CPU.Build.0 = Release|Any CPU
		{4B2BD779-59F7-4BF1-871C-A75952BCA749}.Release|ia64.ActiveCfg = Release|ia64
		{4B2BD779-59F7-4BF1-871C-A75952BCA749}.Release|ia64.Build.0 = Release|ia64
		{4B2BD779-59F7-4BF1-871C-A75952BCA749}.Release|x64.ActiveCfg = Release|x64
		{4B2BD779-59F7-4BF1-871C-A75952BCA749}.Release|x64.Build.0 = Release|x64
		{4B2BD779-59F7-4BF1-871C-A75952BCA749}.Release|x86.ActiveCfg = Release|x86
		{4B2BD779-59F7-4BF1-871C-A75952BCA749}.Release|x86.Build.0 = Release|x86
		{21E8F2D3-EF19-49C8-88CA-A22C5B91DFDC}.Debug|Any CPU.ActiveCfg = Debug|Any CPU
		{21E8F2D3-EF19-49C8-88CA-A22C5B91DFDC}.Debug|Any CPU.Build.0 = Debug|Any CPU
		{21E8F2D3-EF19-49C8-88CA-A22C5B91DFDC}.Debug|ia64.ActiveCfg = Debug|ia64
		{21E8F2D3-EF19-49C8-88CA-A22C5B91DFDC}.Debug|ia64.Build.0 = Debug|ia64
		{21E8F2D3-EF19-49C8-88CA-A22C5B91DFDC}.Debug|x64.ActiveCfg = Debug|x64
		{21E8F2D3-EF19-49C8-88CA-A22C5B91DFDC}.Debug|x64.Build.0 = Debug|x64
		{21E8F2D3-EF19-49C8-88CA-A22C5B91DFDC}.Debug|x86.ActiveCfg = Debug|x86
		{21E8F2D3-EF19-49C8-88CA-A22C5B91DFDC}.Debug|x86.Build.0 = Debug|x86
		{21E8F2D3-EF19-49C8-88CA-A22C5B91DFDC}.Release|Any CPU.ActiveCfg = Release|Any CPU
		{21E8F2D3-EF19-49C8-88CA-A22C5B91DFDC}.Release|Any CPU.Build.0 = Release|Any CPU
		{21E8F2D3-EF19-49C8-88CA-A22C5B91DFDC}.Release|ia64.ActiveCfg = Release|ia64
		{21E8F2D3-EF19-49C8-88CA-A22C5B91DFDC}.Release|ia64.Build.0 = Release|ia64
		{21E8F2D3-EF19-49C8-88CA-A22C5B91DFDC}.Release|x64.ActiveCfg = Release|x64
		{21E8F2D3-EF19-49C8-88CA-A22C5B91DFDC}.Release|x64.Build.0 = Release|x64
		{21E8F2D3-EF19-49C8-88CA-A22C5B91DFDC}.Release|x86.ActiveCfg = Release|x86
		{21E8F2D3-EF19-49C8-88CA-A22C5B91DFDC}.Release|x86.Build.0 = Release|x86
		{6182DBCA-146A-4F37-8406-3139BBE04636}.Debug|Any CPU.ActiveCfg = Debug|Any CPU
		{6182DBCA-146A-4F37-8406-3139BBE04636}.Debug|Any CPU.Build.0 = Debug|Any CPU
		{6182DBCA-146A-4F37-8406-3139BBE04636}.Debug|ia64.ActiveCfg = Debug|ia64
		{6182DBCA-146A-4F37-8406-3139BBE04636}.Debug|ia64.Build.0 = Debug|ia64
		{6182DBCA-146A-4F37-8406-3139BBE04636}.Debug|x64.ActiveCfg = Debug|x64
		{6182DBCA-146A-4F37-8406-3139BBE04636}.Debug|x64.Build.0 = Debug|x64
		{6182DBCA-146A-4F37-8406-3139BBE04636}.Debug|x86.ActiveCfg = Debug|x86
		{6182DBCA-146A-4F37-8406-3139BBE04636}.Debug|x86.Build.0 = Debug|x86
		{6182DBCA-146A-4F37-8406-3139BBE04636}.Release|Any CPU.ActiveCfg = Release|Any CPU
		{6182DBCA-146A-4F37-8406-3139BBE04636}.Release|Any CPU.Build.0 = Release|Any CPU
		{6182DBCA-146A-4F37-8406-3139BBE04636}.Release|ia64.ActiveCfg = Release|ia64
		{6182DBCA-146A-4F37-8406-3139BBE04636}.Release|ia64.Build.0 = Release|ia64
		{6182DBCA-146A-4F37-8406-3139BBE04636}.Release|x64.ActiveCfg = Release|x64
		{6182DBCA-146A-4F37-8406-3139BBE04636}.Release|x64.Build.0 = Release|x64
		{6182DBCA-146A-4F37-8406-3139BBE04636}.Release|x86.ActiveCfg = Release|x86
		{6182DBCA-146A-4F37-8406-3139BBE04636}.Release|x86.Build.0 = Release|x86
		{4D8DDEC7-AAAC-4A32-87D0-5992FE382ED9}.Debug|Any CPU.ActiveCfg = Debug|Any CPU
		{4D8DDEC7-AAAC-4A32-87D0-5992FE382ED9}.Debug|Any CPU.Build.0 = Debug|Any CPU
		{4D8DDEC7-AAAC-4A32-87D0-5992FE382ED9}.Debug|ia64.ActiveCfg = Debug|Any CPU
		{4D8DDEC7-AAAC-4A32-87D0-5992FE382ED9}.Debug|x64.ActiveCfg = Debug|Any CPU
		{4D8DDEC7-AAAC-4A32-87D0-5992FE382ED9}.Debug|x86.ActiveCfg = Debug|Any CPU
		{4D8DDEC7-AAAC-4A32-87D0-5992FE382ED9}.Release|Any CPU.ActiveCfg = Release|Any CPU
		{4D8DDEC7-AAAC-4A32-87D0-5992FE382ED9}.Release|Any CPU.Build.0 = Release|Any CPU
		{4D8DDEC7-AAAC-4A32-87D0-5992FE382ED9}.Release|ia64.ActiveCfg = Release|Any CPU
		{4D8DDEC7-AAAC-4A32-87D0-5992FE382ED9}.Release|x64.ActiveCfg = Release|Any CPU
		{4D8DDEC7-AAAC-4A32-87D0-5992FE382ED9}.Release|x86.ActiveCfg = Release|Any CPU
		{1C943AF9-7373-4BCB-8874-A13DAF6DA585}.Debug|Any CPU.ActiveCfg = Debug|Any CPU
		{1C943AF9-7373-4BCB-8874-A13DAF6DA585}.Debug|Any CPU.Build.0 = Debug|Any CPU
		{1C943AF9-7373-4BCB-8874-A13DAF6DA585}.Debug|ia64.ActiveCfg = Debug|ia64
		{1C943AF9-7373-4BCB-8874-A13DAF6DA585}.Debug|ia64.Build.0 = Debug|ia64
		{1C943AF9-7373-4BCB-8874-A13DAF6DA585}.Debug|x64.ActiveCfg = Debug|x64
		{1C943AF9-7373-4BCB-8874-A13DAF6DA585}.Debug|x64.Build.0 = Debug|x64
		{1C943AF9-7373-4BCB-8874-A13DAF6DA585}.Debug|x86.ActiveCfg = Debug|x86
		{1C943AF9-7373-4BCB-8874-A13DAF6DA585}.Debug|x86.Build.0 = Debug|x86
		{1C943AF9-7373-4BCB-8874-A13DAF6DA585}.Release|Any CPU.ActiveCfg = Release|Any CPU
		{1C943AF9-7373-4BCB-8874-A13DAF6DA585}.Release|Any CPU.Build.0 = Release|Any CPU
		{1C943AF9-7373-4BCB-8874-A13DAF6DA585}.Release|ia64.ActiveCfg = Release|ia64
		{1C943AF9-7373-4BCB-8874-A13DAF6DA585}.Release|ia64.Build.0 = Release|ia64
		{1C943AF9-7373-4BCB-8874-A13DAF6DA585}.Release|x64.ActiveCfg = Release|x64
		{1C943AF9-7373-4BCB-8874-A13DAF6DA585}.Release|x64.Build.0 = Release|x64
		{1C943AF9-7373-4BCB-8874-A13DAF6DA585}.Release|x86.ActiveCfg = Release|x86
		{1C943AF9-7373-4BCB-8874-A13DAF6DA585}.Release|x86.Build.0 = Release|x86
		{1322CEF9-7D80-4F7D-8D1D-ABF46977D631}.Debug|Any CPU.ActiveCfg = Debug|Any CPU
		{1322CEF9-7D80-4F7D-8D1D-ABF46977D631}.Debug|Any CPU.Build.0 = Debug|Any CPU
		{1322CEF9-7D80-4F7D-8D1D-ABF46977D631}.Debug|ia64.ActiveCfg = Debug|Any CPU
		{1322CEF9-7D80-4F7D-8D1D-ABF46977D631}.Debug|x64.ActiveCfg = Debug|Any CPU
		{1322CEF9-7D80-4F7D-8D1D-ABF46977D631}.Debug|x86.ActiveCfg = Debug|Any CPU
		{1322CEF9-7D80-4F7D-8D1D-ABF46977D631}.Release|Any CPU.ActiveCfg = Release|Any CPU
		{1322CEF9-7D80-4F7D-8D1D-ABF46977D631}.Release|Any CPU.Build.0 = Release|Any CPU
		{1322CEF9-7D80-4F7D-8D1D-ABF46977D631}.Release|ia64.ActiveCfg = Release|Any CPU
		{1322CEF9-7D80-4F7D-8D1D-ABF46977D631}.Release|x64.ActiveCfg = Release|Any CPU
		{1322CEF9-7D80-4F7D-8D1D-ABF46977D631}.Release|x86.ActiveCfg = Release|Any CPU
		{696EB455-0EF3-47C0-8A02-86FF5D8CC791}.Debug|Any CPU.ActiveCfg = Debug|Any CPU
		{696EB455-0EF3-47C0-8A02-86FF5D8CC791}.Debug|Any CPU.Build.0 = Debug|Any CPU
		{696EB455-0EF3-47C0-8A02-86FF5D8CC791}.Debug|ia64.ActiveCfg = Debug|ia64
		{696EB455-0EF3-47C0-8A02-86FF5D8CC791}.Debug|ia64.Build.0 = Debug|ia64
		{696EB455-0EF3-47C0-8A02-86FF5D8CC791}.Debug|x64.ActiveCfg = Debug|x64
		{696EB455-0EF3-47C0-8A02-86FF5D8CC791}.Debug|x64.Build.0 = Debug|x64
		{696EB455-0EF3-47C0-8A02-86FF5D8CC791}.Debug|x86.ActiveCfg = Debug|x86
		{696EB455-0EF3-47C0-8A02-86FF5D8CC791}.Debug|x86.Build.0 = Debug|x86
		{696EB455-0EF3-47C0-8A02-86FF5D8CC791}.Release|Any CPU.ActiveCfg = Release|Any CPU
		{696EB455-0EF3-47C0-8A02-86FF5D8CC791}.Release|Any CPU.Build.0 = Release|Any CPU
		{696EB455-0EF3-47C0-8A02-86FF5D8CC791}.Release|ia64.ActiveCfg = Release|ia64
		{696EB455-0EF3-47C0-8A02-86FF5D8CC791}.Release|ia64.Build.0 = Release|ia64
		{696EB455-0EF3-47C0-8A02-86FF5D8CC791}.Release|x64.ActiveCfg = Release|x64
		{696EB455-0EF3-47C0-8A02-86FF5D8CC791}.Release|x64.Build.0 = Release|x64
		{696EB455-0EF3-47C0-8A02-86FF5D8CC791}.Release|x86.ActiveCfg = Release|x86
		{696EB455-0EF3-47C0-8A02-86FF5D8CC791}.Release|x86.Build.0 = Release|x86
		{710FB568-EA63-48FF-BDC1-CE89EEF91C2E}.Debug|Any CPU.ActiveCfg = Debug|Any CPU
		{710FB568-EA63-48FF-BDC1-CE89EEF91C2E}.Debug|Any CPU.Build.0 = Debug|Any CPU
		{710FB568-EA63-48FF-BDC1-CE89EEF91C2E}.Debug|ia64.ActiveCfg = Debug|Any CPU
		{710FB568-EA63-48FF-BDC1-CE89EEF91C2E}.Debug|x64.ActiveCfg = Debug|Any CPU
		{710FB568-EA63-48FF-BDC1-CE89EEF91C2E}.Debug|x86.ActiveCfg = Debug|Any CPU
		{710FB568-EA63-48FF-BDC1-CE89EEF91C2E}.Release|Any CPU.ActiveCfg = Release|Any CPU
		{710FB568-EA63-48FF-BDC1-CE89EEF91C2E}.Release|Any CPU.Build.0 = Release|Any CPU
		{710FB568-EA63-48FF-BDC1-CE89EEF91C2E}.Release|ia64.ActiveCfg = Release|Any CPU
		{710FB568-EA63-48FF-BDC1-CE89EEF91C2E}.Release|x64.ActiveCfg = Release|Any CPU
		{710FB568-EA63-48FF-BDC1-CE89EEF91C2E}.Release|x86.ActiveCfg = Release|Any CPU
		{BF720A63-9D7B-456E-B60C-8122852D9FED}.Debug|Any CPU.ActiveCfg = Debug|Any CPU
		{BF720A63-9D7B-456E-B60C-8122852D9FED}.Debug|Any CPU.Build.0 = Debug|Any CPU
		{BF720A63-9D7B-456E-B60C-8122852D9FED}.Debug|ia64.ActiveCfg = Debug|ia64
		{BF720A63-9D7B-456E-B60C-8122852D9FED}.Debug|ia64.Build.0 = Debug|ia64
		{BF720A63-9D7B-456E-B60C-8122852D9FED}.Debug|x64.ActiveCfg = Debug|x64
		{BF720A63-9D7B-456E-B60C-8122852D9FED}.Debug|x64.Build.0 = Debug|x64
		{BF720A63-9D7B-456E-B60C-8122852D9FED}.Debug|x86.ActiveCfg = Debug|x86
		{BF720A63-9D7B-456E-B60C-8122852D9FED}.Debug|x86.Build.0 = Debug|x86
		{BF720A63-9D7B-456E-B60C-8122852D9FED}.Release|Any CPU.ActiveCfg = Release|Any CPU
		{BF720A63-9D7B-456E-B60C-8122852D9FED}.Release|Any CPU.Build.0 = Release|Any CPU
		{BF720A63-9D7B-456E-B60C-8122852D9FED}.Release|ia64.ActiveCfg = Release|ia64
		{BF720A63-9D7B-456E-B60C-8122852D9FED}.Release|ia64.Build.0 = Release|ia64
		{BF720A63-9D7B-456E-B60C-8122852D9FED}.Release|x64.ActiveCfg = Release|x64
		{BF720A63-9D7B-456E-B60C-8122852D9FED}.Release|x64.Build.0 = Release|x64
		{BF720A63-9D7B-456E-B60C-8122852D9FED}.Release|x86.ActiveCfg = Release|x86
		{BF720A63-9D7B-456E-B60C-8122852D9FED}.Release|x86.Build.0 = Release|x86
		{A6B343C8-2268-422C-A97C-4FDE692414E9}.Debug|Any CPU.ActiveCfg = Debug|Any CPU
		{A6B343C8-2268-422C-A97C-4FDE692414E9}.Debug|Any CPU.Build.0 = Debug|Any CPU
		{A6B343C8-2268-422C-A97C-4FDE692414E9}.Debug|ia64.ActiveCfg = Debug|Any CPU
		{A6B343C8-2268-422C-A97C-4FDE692414E9}.Debug|x64.ActiveCfg = Debug|Any CPU
		{A6B343C8-2268-422C-A97C-4FDE692414E9}.Debug|x86.ActiveCfg = Debug|Any CPU
		{A6B343C8-2268-422C-A97C-4FDE692414E9}.Release|Any CPU.ActiveCfg = Release|Any CPU
		{A6B343C8-2268-422C-A97C-4FDE692414E9}.Release|Any CPU.Build.0 = Release|Any CPU
		{A6B343C8-2268-422C-A97C-4FDE692414E9}.Release|ia64.ActiveCfg = Release|Any CPU
		{A6B343C8-2268-422C-A97C-4FDE692414E9}.Release|x64.ActiveCfg = Release|Any CPU
		{A6B343C8-2268-422C-A97C-4FDE692414E9}.Release|x86.ActiveCfg = Release|Any CPU
		{1497B777-330B-4CFE-927A-22850CD24D64}.Debug|Any CPU.ActiveCfg = Debug|Any CPU
		{1497B777-330B-4CFE-927A-22850CD24D64}.Debug|Any CPU.Build.0 = Debug|Any CPU
		{1497B777-330B-4CFE-927A-22850CD24D64}.Release|Any CPU.ActiveCfg = Release|Any CPU
		{1497B777-330B-4CFE-927A-22850CD24D64}.Release|Any CPU.Build.0 = Release|Any CPU
		{B990D81B-9F60-4EEE-B31D-B5D1EAA799EE}.Debug|Any CPU.ActiveCfg = Debug|Any CPU
		{B990D81B-9F60-4EEE-B31D-B5D1EAA799EE}.Debug|Any CPU.Build.0 = Debug|Any CPU
		{B990D81B-9F60-4EEE-B31D-B5D1EAA799EE}.Release|Any CPU.ActiveCfg = Release|Any CPU
		{B990D81B-9F60-4EEE-B31D-B5D1EAA799EE}.Release|Any CPU.Build.0 = Release|Any CPU
		{E191E61E-E098-4F71-888F-51A79F952022}.Debug|Any CPU.ActiveCfg = Debug|Any CPU
		{E191E61E-E098-4F71-888F-51A79F952022}.Debug|Any CPU.Build.0 = Debug|Any CPU
		{E191E61E-E098-4F71-888F-51A79F952022}.Release|Any CPU.ActiveCfg = Release|Any CPU
		{E191E61E-E098-4F71-888F-51A79F952022}.Release|Any CPU.Build.0 = Release|Any CPU
		{42493058-5FC8-4F85-9884-FF3190E084B6}.Debug|Any CPU.ActiveCfg = Debug|Any CPU
		{42493058-5FC8-4F85-9884-FF3190E084B6}.Debug|Any CPU.Build.0 = Debug|Any CPU
		{42493058-5FC8-4F85-9884-FF3190E084B6}.Release|Any CPU.ActiveCfg = Release|Any CPU
		{42493058-5FC8-4F85-9884-FF3190E084B6}.Release|Any CPU.Build.0 = Release|Any CPU
	EndGlobalSection
	GlobalSection(SolutionProperties) = preSolution
		HideSolutionNode = FALSE
	EndGlobalSection
EndGlobal
