
Microsoft Visual Studio Solution File, Format Version 10.00
# Visual Studio 2008
Project("{FAE04EC0-301F-11D3-BF4B-00C04F79EFBC}") = "candle", "candle\candle.csproj", "{956401A5-3C04-4786-9611-B2AEC6207686}"
EndProject
Project("{FAE04EC0-301F-11D3-BF4B-00C04F79EFBC}") = "dark", "dark\dark.csproj", "{E004FD60-0C2C-4165-8E25-21E9A9AD155D}"
EndProject
Project("{FAE04EC0-301F-11D3-BF4B-00C04F79EFBC}") = "heat", "heat\heat.csproj", "{97B3B5DF-70D2-4658-9259-1DB34976F89F}"
EndProject
Project("{FAE04EC0-301F-11D3-BF4B-00C04F79EFBC}") = "insignia", "insignia\insignia.csproj", "{593335AA-CB55-4CD4-9089-06DA8C6E8EA3}"
EndProject
Project("{FAE04EC0-301F-11D3-BF4B-00C04F79EFBC}") = "light", "light\light.csproj", "{90556207-597F-4046-9404-5BE6B3CC0938}"
EndProject
Project("{FAE04EC0-301F-11D3-BF4B-00C04F79EFBC}") = "lit", "lit\lit.csproj", "{B4271B16-88B7-499A-881B-2813C1DB6285}"
EndProject
Project("{FAE04EC0-301F-11D3-BF4B-00C04F79EFBC}") = "pyro", "pyro\pyro.csproj", "{EC5BD7DE-29C4-4FDC-9953-8707B6DBDB00}"
EndProject
Project("{FAE04EC0-301F-11D3-BF4B-00C04F79EFBC}") = "NantTasks", "nantTasks\NantTasks.csproj", "{6279CA71-A711-4CDE-AB39-0B0F92837F2F}"
EndProject
Project("{FAE04EC0-301F-11D3-BF4B-00C04F79EFBC}") = "smoke", "smoke\smoke.csproj", "{351FF633-899B-4411-9866-4C7838AD109F}"
EndProject
Project("{FAE04EC0-301F-11D3-BF4B-00C04F79EFBC}") = "torch", "torch\torch.csproj", "{7BC95599-2920-4824-B9F9-B21D8CFF061B}"
EndProject
Project("{FAE04EC0-301F-11D3-BF4B-00C04F79EFBC}") = "wconsole", "wconsole\wconsole.csproj", "{4B2BD779-59F7-4BF1-871C-A75952BCA749}"
EndProject
Project("{FAE04EC0-301F-11D3-BF4B-00C04F79EFBC}") = "wix", "wix\wix.csproj", "{9E03A94C-C70E-45C6-A269-E737BBD8B319}"
	ProjectSection(ProjectDependencies) = postProject
		{1B70F0D0-25F2-4F7E-8B2C-452F862C4C5A} = {1B70F0D0-25F2-4F7E-8B2C-452F862C4C5A}
		{5D28C7C3-811F-4F36-85F5-4DF9DD80ACF7} = {5D28C7C3-811F-4F36-85F5-4DF9DD80ACF7}
		{C67B9174-31EC-480D-9EE8-29ECAFD3A36B} = {C67B9174-31EC-480D-9EE8-29ECAFD3A36B}
		{F717806C-10CD-4459-A7A2-4D6473683DDA} = {F717806C-10CD-4459-A7A2-4D6473683DDA}
		{232C8D2F-F845-452F-A8B8-017E28A35377} = {232C8D2F-F845-452F-A8B8-017E28A35377}
		{F60EA31D-BE1A-4CD2-828B-CC726982D041} = {F60EA31D-BE1A-4CD2-828B-CC726982D041}
		{EB323B05-8822-4645-A0E6-ACF401ED92F7} = {EB323B05-8822-4645-A0E6-ACF401ED92F7}
	EndProjectSection
EndProject
Project("{FAE04EC0-301F-11D3-BF4B-00C04F79EFBC}") = "WixTasks", "WixTasks\WixTasks.csproj", "{21E8F2D3-EF19-49C8-88CA-A22C5B91DFDC}"
EndProject
Project("{FAE04EC0-301F-11D3-BF4B-00C04F79EFBC}") = "wui", "Wui\wui.csproj", "{43175B3B-5440-4556-8BAD-2C322153D96F}"
EndProject
Project("{FAE04EC0-301F-11D3-BF4B-00C04F79EFBC}") = "WixBuild", "..\toolsrc\WixBuild\WixBuild.csproj", "{EB323B05-8822-4645-A0E6-ACF401ED92F7}"
EndProject
Project("{FAE04EC0-301F-11D3-BF4B-00C04F79EFBC}") = "DocCompiler", "..\toolsrc\docCompiler\DocCompiler.csproj", "{232C8D2F-F845-452F-A8B8-017E28A35377}"
EndProject
Project("{FAE04EC0-301F-11D3-BF4B-00C04F79EFBC}") = "FlattenXml", "..\toolsrc\flattenXml\FlattenXml.csproj", "{C67B9174-31EC-480D-9EE8-29ECAFD3A36B}"
EndProject
Project("{FAE04EC0-301F-11D3-BF4B-00C04F79EFBC}") = "GenerateWixInclude", "..\toolsrc\GenerateWixInclude\GenerateWixInclude.csproj", "{5D28C7C3-811F-4F36-85F5-4DF9DD80ACF7}"
EndProject
Project("{FAE04EC0-301F-11D3-BF4B-00C04F79EFBC}") = "MsgGen", "..\toolsrc\MsgGen\MsgGen.csproj", "{F717806C-10CD-4459-A7A2-4D6473683DDA}"
EndProject
Project("{FAE04EC0-301F-11D3-BF4B-00C04F79EFBC}") = "ResIdGen", "..\toolsrc\ResIdGen\ResIdGen.csproj", "{17C8452A-0815-40DE-86B2-8004EADFF5BB}"
EndProject
Project("{FAE04EC0-301F-11D3-BF4B-00C04F79EFBC}") = "XsdGen", "..\toolsrc\XsdGen\XsdGen.csproj", "{F60EA31D-BE1A-4CD2-828B-CC726982D041}"
	ProjectSection(ProjectDependencies) = postProject
		{F717806C-10CD-4459-A7A2-4D6473683DDA} = {F717806C-10CD-4459-A7A2-4D6473683DDA}
		{EB323B05-8822-4645-A0E6-ACF401ED92F7} = {EB323B05-8822-4645-A0E6-ACF401ED92F7}
	EndProjectSection
EndProject
Project("{FAE04EC0-301F-11D3-BF4B-00C04F79EFBC}") = "XsdStitch", "..\toolsrc\xsdstitch\XsdStitch.csproj", "{1B70F0D0-25F2-4F7E-8B2C-452F862C4C5A}"
EndProject
Project("{FAE04EC0-301F-11D3-BF4B-00C04F79EFBC}") = "WixUnit", "WixUnit\WixUnit.csproj", "{EAFD5281-D9AE-4680-AEB5-90AAAF4DBD9D}"
EndProject
Global
	GlobalSection(SolutionConfigurationPlatforms) = preSolution
		Debug|Any CPU = Debug|Any CPU
		Release|Any CPU = Release|Any CPU
	EndGlobalSection
	GlobalSection(ProjectConfigurationPlatforms) = postSolution
		{956401A5-3C04-4786-9611-B2AEC6207686}.Debug|Any CPU.ActiveCfg = Debug|Any CPU
		{956401A5-3C04-4786-9611-B2AEC6207686}.Debug|Any CPU.Build.0 = Debug|Any CPU
		{956401A5-3C04-4786-9611-B2AEC6207686}.Release|Any CPU.ActiveCfg = Release|Any CPU
		{956401A5-3C04-4786-9611-B2AEC6207686}.Release|Any CPU.Build.0 = Release|Any CPU
		{E004FD60-0C2C-4165-8E25-21E9A9AD155D}.Debug|Any CPU.ActiveCfg = Debug|Any CPU
		{E004FD60-0C2C-4165-8E25-21E9A9AD155D}.Debug|Any CPU.Build.0 = Debug|Any CPU
		{E004FD60-0C2C-4165-8E25-21E9A9AD155D}.Release|Any CPU.ActiveCfg = Release|Any CPU
		{E004FD60-0C2C-4165-8E25-21E9A9AD155D}.Release|Any CPU.Build.0 = Release|Any CPU
		{97B3B5DF-70D2-4658-9259-1DB34976F89F}.Debug|Any CPU.ActiveCfg = Debug|Any CPU
		{97B3B5DF-70D2-4658-9259-1DB34976F89F}.Debug|Any CPU.Build.0 = Debug|Any CPU
		{97B3B5DF-70D2-4658-9259-1DB34976F89F}.Release|Any CPU.ActiveCfg = Release|Any CPU
		{97B3B5DF-70D2-4658-9259-1DB34976F89F}.Release|Any CPU.Build.0 = Release|Any CPU
		{593335AA-CB55-4CD4-9089-06DA8C6E8EA3}.Debug|Any CPU.ActiveCfg = Debug|Any CPU
		{593335AA-CB55-4CD4-9089-06DA8C6E8EA3}.Debug|Any CPU.Build.0 = Debug|Any CPU
		{593335AA-CB55-4CD4-9089-06DA8C6E8EA3}.Release|Any CPU.ActiveCfg = Release|Any CPU
		{593335AA-CB55-4CD4-9089-06DA8C6E8EA3}.Release|Any CPU.Build.0 = Release|Any CPU
		{90556207-597F-4046-9404-5BE6B3CC0938}.Debug|Any CPU.ActiveCfg = Debug|Any CPU
		{90556207-597F-4046-9404-5BE6B3CC0938}.Debug|Any CPU.Build.0 = Debug|Any CPU
		{90556207-597F-4046-9404-5BE6B3CC0938}.Release|Any CPU.ActiveCfg = Release|Any CPU
		{90556207-597F-4046-9404-5BE6B3CC0938}.Release|Any CPU.Build.0 = Release|Any CPU
		{B4271B16-88B7-499A-881B-2813C1DB6285}.Debug|Any CPU.ActiveCfg = Debug|Any CPU
		{B4271B16-88B7-499A-881B-2813C1DB6285}.Debug|Any CPU.Build.0 = Debug|Any CPU
		{B4271B16-88B7-499A-881B-2813C1DB6285}.Release|Any CPU.ActiveCfg = Release|Any CPU
		{B4271B16-88B7-499A-881B-2813C1DB6285}.Release|Any CPU.Build.0 = Release|Any CPU
		{EC5BD7DE-29C4-4FDC-9953-8707B6DBDB00}.Debug|Any CPU.ActiveCfg = Debug|Any CPU
		{EC5BD7DE-29C4-4FDC-9953-8707B6DBDB00}.Debug|Any CPU.Build.0 = Debug|Any CPU
		{EC5BD7DE-29C4-4FDC-9953-8707B6DBDB00}.Release|Any CPU.ActiveCfg = Release|Any CPU
		{EC5BD7DE-29C4-4FDC-9953-8707B6DBDB00}.Release|Any CPU.Build.0 = Release|Any CPU
		{6279CA71-A711-4CDE-AB39-0B0F92837F2F}.Debug|Any CPU.ActiveCfg = Debug|Any CPU
		{6279CA71-A711-4CDE-AB39-0B0F92837F2F}.Debug|Any CPU.Build.0 = Debug|Any CPU
		{6279CA71-A711-4CDE-AB39-0B0F92837F2F}.Release|Any CPU.ActiveCfg = Release|Any CPU
		{6279CA71-A711-4CDE-AB39-0B0F92837F2F}.Release|Any CPU.Build.0 = Release|Any CPU
		{351FF633-899B-4411-9866-4C7838AD109F}.Debug|Any CPU.ActiveCfg = Debug|Any CPU
		{351FF633-899B-4411-9866-4C7838AD109F}.Debug|Any CPU.Build.0 = Debug|Any CPU
		{351FF633-899B-4411-9866-4C7838AD109F}.Release|Any CPU.ActiveCfg = Release|Any CPU
		{351FF633-899B-4411-9866-4C7838AD109F}.Release|Any CPU.Build.0 = Release|Any CPU
		{7BC95599-2920-4824-B9F9-B21D8CFF061B}.Debug|Any CPU.ActiveCfg = Debug|Any CPU
		{7BC95599-2920-4824-B9F9-B21D8CFF061B}.Debug|Any CPU.Build.0 = Debug|Any CPU
		{7BC95599-2920-4824-B9F9-B21D8CFF061B}.Release|Any CPU.ActiveCfg = Release|Any CPU
		{7BC95599-2920-4824-B9F9-B21D8CFF061B}.Release|Any CPU.Build.0 = Release|Any CPU
		{4B2BD779-59F7-4BF1-871C-A75952BCA749}.Debug|Any CPU.ActiveCfg = Debug|Any CPU
		{4B2BD779-59F7-4BF1-871C-A75952BCA749}.Debug|Any CPU.Build.0 = Debug|Any CPU
		{4B2BD779-59F7-4BF1-871C-A75952BCA749}.Release|Any CPU.ActiveCfg = Release|Any CPU
		{4B2BD779-59F7-4BF1-871C-A75952BCA749}.Release|Any CPU.Build.0 = Release|Any CPU
		{9E03A94C-C70E-45C6-A269-E737BBD8B319}.Debug|Any CPU.ActiveCfg = Debug|Any CPU
		{9E03A94C-C70E-45C6-A269-E737BBD8B319}.Debug|Any CPU.Build.0 = Debug|Any CPU
		{9E03A94C-C70E-45C6-A269-E737BBD8B319}.Release|Any CPU.ActiveCfg = Release|Any CPU
		{9E03A94C-C70E-45C6-A269-E737BBD8B319}.Release|Any CPU.Build.0 = Release|Any CPU
		{21E8F2D3-EF19-49C8-88CA-A22C5B91DFDC}.Debug|Any CPU.ActiveCfg = Debug|Any CPU
		{21E8F2D3-EF19-49C8-88CA-A22C5B91DFDC}.Debug|Any CPU.Build.0 = Debug|Any CPU
		{21E8F2D3-EF19-49C8-88CA-A22C5B91DFDC}.Release|Any CPU.ActiveCfg = Release|Any CPU
		{21E8F2D3-EF19-49C8-88CA-A22C5B91DFDC}.Release|Any CPU.Build.0 = Release|Any CPU
		{43175B3B-5440-4556-8BAD-2C322153D96F}.Debug|Any CPU.ActiveCfg = Debug|Any CPU
		{43175B3B-5440-4556-8BAD-2C322153D96F}.Debug|Any CPU.Build.0 = Debug|Any CPU
		{43175B3B-5440-4556-8BAD-2C322153D96F}.Release|Any CPU.ActiveCfg = Release|Any CPU
		{43175B3B-5440-4556-8BAD-2C322153D96F}.Release|Any CPU.Build.0 = Release|Any CPU
		{EB323B05-8822-4645-A0E6-ACF401ED92F7}.Debug|Any CPU.ActiveCfg = Debug|Any CPU
		{EB323B05-8822-4645-A0E6-ACF401ED92F7}.Debug|Any CPU.Build.0 = Debug|Any CPU
		{EB323B05-8822-4645-A0E6-ACF401ED92F7}.Release|Any CPU.ActiveCfg = Release|Any CPU
		{EB323B05-8822-4645-A0E6-ACF401ED92F7}.Release|Any CPU.Build.0 = Release|Any CPU
		{232C8D2F-F845-452F-A8B8-017E28A35377}.Debug|Any CPU.ActiveCfg = Debug|Any CPU
		{232C8D2F-F845-452F-A8B8-017E28A35377}.Debug|Any CPU.Build.0 = Debug|Any CPU
		{232C8D2F-F845-452F-A8B8-017E28A35377}.Release|Any CPU.ActiveCfg = Release|Any CPU
		{232C8D2F-F845-452F-A8B8-017E28A35377}.Release|Any CPU.Build.0 = Release|Any CPU
		{C67B9174-31EC-480D-9EE8-29ECAFD3A36B}.Debug|Any CPU.ActiveCfg = Debug|Any CPU
		{C67B9174-31EC-480D-9EE8-29ECAFD3A36B}.Debug|Any CPU.Build.0 = Debug|Any CPU
		{C67B9174-31EC-480D-9EE8-29ECAFD3A36B}.Release|Any CPU.ActiveCfg = Release|Any CPU
		{C67B9174-31EC-480D-9EE8-29ECAFD3A36B}.Release|Any CPU.Build.0 = Release|Any CPU
		{5D28C7C3-811F-4F36-85F5-4DF9DD80ACF7}.Debug|Any CPU.ActiveCfg = Debug|Any CPU
		{5D28C7C3-811F-4F36-85F5-4DF9DD80ACF7}.Debug|Any CPU.Build.0 = Debug|Any CPU
		{5D28C7C3-811F-4F36-85F5-4DF9DD80ACF7}.Release|Any CPU.ActiveCfg = Release|Any CPU
		{5D28C7C3-811F-4F36-85F5-4DF9DD80ACF7}.Release|Any CPU.Build.0 = Release|Any CPU
		{F717806C-10CD-4459-A7A2-4D6473683DDA}.Debug|Any CPU.ActiveCfg = Debug|Any CPU
		{F717806C-10CD-4459-A7A2-4D6473683DDA}.Debug|Any CPU.Build.0 = Debug|Any CPU
		{F717806C-10CD-4459-A7A2-4D6473683DDA}.Release|Any CPU.ActiveCfg = Release|Any CPU
		{F717806C-10CD-4459-A7A2-4D6473683DDA}.Release|Any CPU.Build.0 = Release|Any CPU
		{17C8452A-0815-40DE-86B2-8004EADFF5BB}.Debug|Any CPU.ActiveCfg = Debug|Any CPU
		{17C8452A-0815-40DE-86B2-8004EADFF5BB}.Debug|Any CPU.Build.0 = Debug|Any CPU
		{17C8452A-0815-40DE-86B2-8004EADFF5BB}.Release|Any CPU.ActiveCfg = Release|Any CPU
		{17C8452A-0815-40DE-86B2-8004EADFF5BB}.Release|Any CPU.Build.0 = Release|Any CPU
		{F60EA31D-BE1A-4CD2-828B-CC726982D041}.Debug|Any CPU.ActiveCfg = Debug|Any CPU
		{F60EA31D-BE1A-4CD2-828B-CC726982D041}.Debug|Any CPU.Build.0 = Debug|Any CPU
		{F60EA31D-BE1A-4CD2-828B-CC726982D041}.Release|Any CPU.ActiveCfg = Release|Any CPU
		{F60EA31D-BE1A-4CD2-828B-CC726982D041}.Release|Any CPU.Build.0 = Release|Any CPU
		{1B70F0D0-25F2-4F7E-8B2C-452F862C4C5A}.Debug|Any CPU.ActiveCfg = Debug|Any CPU
		{1B70F0D0-25F2-4F7E-8B2C-452F862C4C5A}.Debug|Any CPU.Build.0 = Debug|Any CPU
		{1B70F0D0-25F2-4F7E-8B2C-452F862C4C5A}.Release|Any CPU.ActiveCfg = Release|Any CPU
		{1B70F0D0-25F2-4F7E-8B2C-452F862C4C5A}.Release|Any CPU.Build.0 = Release|Any CPU
		{EAFD5281-D9AE-4680-AEB5-90AAAF4DBD9D}.Debug|Any CPU.ActiveCfg = Debug|Any CPU
		{EAFD5281-D9AE-4680-AEB5-90AAAF4DBD9D}.Debug|Any CPU.Build.0 = Debug|Any CPU
		{EAFD5281-D9AE-4680-AEB5-90AAAF4DBD9D}.Release|Any CPU.ActiveCfg = Release|Any CPU
		{EAFD5281-D9AE-4680-AEB5-90AAAF4DBD9D}.Release|Any CPU.Build.0 = Release|Any CPU
	EndGlobalSection
	GlobalSection(SolutionProperties) = preSolution
		HideSolutionNode = FALSE
	EndGlobalSection
EndGlobal
